
Microsoft Visual Studio Solution File, Format Version 12.00
# Visual Studio Version 17
VisualStudioVersion = 17.0.32014.148
MinimumVisualStudioVersion = 10.0.40219.1
Project("{9A19103F-16F7-4668-BE54-9A1E7A4F7556}") = "BankApp2.Core", "BankApp2.Core\BankApp2.Core.csproj", "{F8217048-4026-43E5-81A8-257A201D4CF9}"
EndProject
Project("{9A19103F-16F7-4668-BE54-9A1E7A4F7556}") = "BankApp2.Data", "BankApp2.Data\BankApp2.Data.csproj", "{3255FA60-BB63-4A81-81AD-6B98515EA580}"
EndProject
Project("{9A19103F-16F7-4668-BE54-9A1E7A4F7556}") = "BankApp2.Shared", "BankApp2.Shared\BankApp2.Shared.csproj", "{B33E1E3E-A668-4E56-A40C-AF1A6F2DF057}"
EndProject
Project("{9A19103F-16F7-4668-BE54-9A1E7A4F7556}") = "BankApp2.Web", "BankApp2.Web\BankApp2.Web.csproj", "{00C2C5C4-C70F-46E8-BA54-4604E5F760F9}"
EndProject
Project("{9A19103F-16F7-4668-BE54-9A1E7A4F7556}") = "BankApp2.Api", "BankApp2.Api\BankApp2.Api.csproj", "{82192D4C-CA8B-4B0A-B65D-20285B584CA6}"
EndProject
Project("{9A19103F-16F7-4668-BE54-9A1E7A4F7556}") = "Oscar.Components", "Oscar.Components\Oscar.Components.csproj", "{9538776F-3893-48A8-A743-E6592A2A1A31}"
EndProject
Project("{FAE04EC0-301F-11D3-BF4B-00C04F79EFBC}") = "BankApp2.UnitTests", "BankApp2.UnitTests\BankApp2.UnitTests.csproj", "{6D1040C6-EFAA-4157-9979-26C28B83C188}"
EndProject
Global
	GlobalSection(SolutionConfigurationPlatforms) = preSolution
		Debug|Any CPU = Debug|Any CPU
		Release|Any CPU = Release|Any CPU
	EndGlobalSection
	GlobalSection(ProjectConfigurationPlatforms) = postSolution
		{F8217048-4026-43E5-81A8-257A201D4CF9}.Debug|Any CPU.ActiveCfg = Debug|Any CPU
		{F8217048-4026-43E5-81A8-257A201D4CF9}.Debug|Any CPU.Build.0 = Debug|Any CPU
		{F8217048-4026-43E5-81A8-257A201D4CF9}.Release|Any CPU.ActiveCfg = Release|Any CPU
		{F8217048-4026-43E5-81A8-257A201D4CF9}.Release|Any CPU.Build.0 = Release|Any CPU
		{3255FA60-BB63-4A81-81AD-6B98515EA580}.Debug|Any CPU.ActiveCfg = Debug|Any CPU
		{3255FA60-BB63-4A81-81AD-6B98515EA580}.Debug|Any CPU.Build.0 = Debug|Any CPU
		{3255FA60-BB63-4A81-81AD-6B98515EA580}.Release|Any CPU.ActiveCfg = Release|Any CPU
		{3255FA60-BB63-4A81-81AD-6B98515EA580}.Release|Any CPU.Build.0 = Release|Any CPU
		{B33E1E3E-A668-4E56-A40C-AF1A6F2DF057}.Debug|Any CPU.ActiveCfg = Debug|Any CPU
		{B33E1E3E-A668-4E56-A40C-AF1A6F2DF057}.Debug|Any CPU.Build.0 = Debug|Any CPU
		{B33E1E3E-A668-4E56-A40C-AF1A6F2DF057}.Release|Any CPU.ActiveCfg = Release|Any CPU
		{B33E1E3E-A668-4E56-A40C-AF1A6F2DF057}.Release|Any CPU.Build.0 = Release|Any CPU
		{00C2C5C4-C70F-46E8-BA54-4604E5F760F9}.Debug|Any CPU.ActiveCfg = Debug|Any CPU
		{00C2C5C4-C70F-46E8-BA54-4604E5F760F9}.Debug|Any CPU.Build.0 = Debug|Any CPU
		{00C2C5C4-C70F-46E8-BA54-4604E5F760F9}.Release|Any CPU.ActiveCfg = Release|Any CPU
		{00C2C5C4-C70F-46E8-BA54-4604E5F760F9}.Release|Any CPU.Build.0 = Release|Any CPU
		{82192D4C-CA8B-4B0A-B65D-20285B584CA6}.Debug|Any CPU.ActiveCfg = Debug|Any CPU
		{82192D4C-CA8B-4B0A-B65D-20285B584CA6}.Debug|Any CPU.Build.0 = Debug|Any CPU
		{82192D4C-CA8B-4B0A-B65D-20285B584CA6}.Release|Any CPU.ActiveCfg = Release|Any CPU
		{82192D4C-CA8B-4B0A-B65D-20285B584CA6}.Release|Any CPU.Build.0 = Release|Any CPU
		{9538776F-3893-48A8-A743-E6592A2A1A31}.Debug|Any CPU.ActiveCfg = Debug|Any CPU
		{9538776F-3893-48A8-A743-E6592A2A1A31}.Debug|Any CPU.Build.0 = Debug|Any CPU
		{9538776F-3893-48A8-A743-E6592A2A1A31}.Release|Any CPU.ActiveCfg = Release|Any CPU
		{9538776F-3893-48A8-A743-E6592A2A1A31}.Release|Any CPU.Build.0 = Release|Any CPU
		{6D1040C6-EFAA-4157-9979-26C28B83C188}.Debug|Any CPU.ActiveCfg = Debug|Any CPU
		{6D1040C6-EFAA-4157-9979-26C28B83C188}.Debug|Any CPU.Build.0 = Debug|Any CPU
		{6D1040C6-EFAA-4157-9979-26C28B83C188}.Release|Any CPU.ActiveCfg = Release|Any CPU
		{6D1040C6-EFAA-4157-9979-26C28B83C188}.Release|Any CPU.Build.0 = Release|Any CPU
	EndGlobalSection
	GlobalSection(SolutionProperties) = preSolution
		HideSolutionNode = FALSE
	EndGlobalSection
	GlobalSection(ExtensibilityGlobals) = postSolution
		SolutionGuid = {4CD4CB31-9423-4E00-B1B5-AFB67D111999}
	EndGlobalSection
EndGlobal
